{
  "name": "sql-agent-cli-playground",
  "version": "1.0.0",
  "lockfileVersion": 3,
  "requires": true,
  "packages": {
    "": {
      "name": "sql-agent-cli-playground",
      "version": "1.0.0",
      "devDependencies": {
        "sql-agent-cli": "file:.."
      }
    },
    "..": {
      "name": "sql-agent-cli",
      "version": "1.0.0",
      "dev": true,
      "dependencies": {
        "dotenv": "^16.0.0",
        "pg": "^8.11.0"
      },
      "bin": {
        "sql-agent": "bin/sql-agent",
        "ssql": "bin/sql-agent"
      },
      "devDependencies": {
        "@types/node": "^20.0.0",
        "@types/pg": "^8.10.0",
        "typescript": "^5.0.0"
      }
    },
    "node_modules/sql-agent-cli": {
      "resolved": "..",
      "link": true
    }
  }
}
